
Microsoft Visual Studio Solution File, Format Version 12.00
# Visual Studio Version 17
VisualStudioVersion = 17.8.34316.72
MinimumVisualStudioVersion = 10.0.40219.1
Project("{FAE04EC0-301F-11D3-BF4B-00C04F79EFBC}") = "GeekHubIA", "GeekHubIA\GeekHubIA.csproj", "{560D624C-3DC5-462A-B015-D48F083FD88C}"
EndProject
Global
	GlobalSection(SolutionConfigurationPlatforms) = preSolution
		Debug|Any CPU = Debug|Any CPU
		Release|Any CPU = Release|Any CPU
	EndGlobalSection
	GlobalSection(ProjectConfigurationPlatforms) = postSolution
		{560D624C-3DC5-462A-B015-D48F083FD88C}.Debug|Any CPU.ActiveCfg = Debug|Any CPU
		{560D624C-3DC5-462A-B015-D48F083FD88C}.Debug|Any CPU.Build.0 = Debug|Any CPU
		{560D624C-3DC5-462A-B015-D48F083FD88C}.Release|Any CPU.ActiveCfg = Release|Any CPU
		{560D624C-3DC5-462A-B015-D48F083FD88C}.Release|Any CPU.Build.0 = Release|Any CPU
	EndGlobalSection
	GlobalSection(SolutionProperties) = preSolution
		HideSolutionNode = FALSE
	EndGlobalSection
	GlobalSection(ExtensibilityGlobals) = postSolution
		SolutionGuid = {A8957A6C-5DE3-4698-89A1-1C706EA6633E}
	EndGlobalSection
EndGlobal
